<?xml version="1.0" encoding="utf-8"?>
<Project ToolsVersion="4.0" xmlns="http://schemas.microsoft.com/developer/msbuild/2003">
  <ItemGroup>
    <Filter Include="源文件">
      <UniqueIdentifier>{4FC737F1-C7A5-4376-A066-2A32D752A2FF}</UniqueIdentifier>
      <Extensions>cpp;c;cc;cxx;c++;cppm;ixx;def;odl;idl;hpj;bat;asm;asmx</Extensions>
    </Filter>
    <Filter Include="头文件">
      <UniqueIdentifier>{93995380-89BD-4b04-88EB-625FBE52EBFB}</UniqueIdentifier>
      <Extensions>h;hh;hpp;hxx;h++;hm;inl;inc;ipp;xsd</Extensions>
    </Filter>
    <Filter Include="资源文件">
      <UniqueIdentifier>{67DA6AB6-F800-4c08-8B7A-83BB121AAD01}</UniqueIdentifier>
      <Extensions>rc;ico;cur;bmp;dlg;rc2;rct;bin;rgs;gif;jpg;jpeg;jpe;resx;tiff;tif;png;wav;mfcribbon-ms</Extensions>
    </Filter>
    <Filter Include="源文件\network">
      <UniqueIdentifier>{1A2B3C4D-5E6F-7A8B-9C0D-1E2F3A4B5C6D}</UniqueIdentifier>
    </Filter>
    <Filter Include="头文件\network">
      <UniqueIdentifier>{2B3C4D5E-6F7A-8B9C-0D1E-2F3A4B5C6D7E}</UniqueIdentifier>
    </Filter>
    <Filter Include="文档">
      <UniqueIdentifier>{3C4D5E6F-7A8B-9C0D-1E2F-3A4B5C6D7E8F}</UniqueIdentifier>
    </Filter>
    <Filter Include="配置">
      <UniqueIdentifier>{4D5E6F7A-8B9C-0D1E-2F3A-4B5C6D7E8F9A}</UniqueIdentifier>
    </Filter>
  </ItemGroup>
  <ItemGroup>
    <ClCompile Include="src\main.cpp">
      <Filter>源文件</Filter>
    </ClCompile>
    <ClCompile Include="src\network\Socket.cpp">
      <Filter>源文件\network</Filter>
    </ClCompile>
    <ClCompile Include="src\network\Epoll.cpp">
      <Filter>源文件\network</Filter>
    </ClCompile>
  </ItemGroup>
  <ItemGroup>
    <ClInclude Include="include\network\Socket.h">
      <Filter>头文件\network</Filter>
    </ClInclude>
    <ClInclude Include="include\network\Epoll.h">
      <Filter>头文件\network</Filter>
    </ClInclude>
  </ItemGroup>
  <ItemGroup>
    <None Include="README.md">
      <Filter>文档</Filter>
    </None>
    <None Include="CMakeLists.txt">
      <Filter>配置</Filter>
    </None>
    <None Include="Makefile">
      <Filter>配置</Filter>
    </None>
    <None Include=".gitignore">
      <Filter>配置</Filter>
    </None>
  </ItemGroup>
  <ItemGroup>
    <Text Include="docs\architecture.md">
      <Filter>文档</Filter>
    </Text>
    <Text Include="docs\epoll_guide.md">
      <Filter>文档</Filter>
    </Text>
    <Text Include="docs\socket_guide.md">
      <Filter>文档</Filter>
    </Text>
    <Text Include="docs\git_guide.md">
      <Filter>文档</Filter>
    </Text>
    <Text Include="config\server.conf">
      <Filter>配置</Filter>
    </Text>
  </ItemGroup>
</Project>
